
Microsoft Visual Studio Solution File, Format Version 12.00
# Visual Studio 15
VisualStudioVersion = 15.0.27703.2042
MinimumVisualStudioVersion = 10.0.40219.1
Project("{9A19103F-16F7-4668-BE54-9A1E7A4F7556}") = "ZZH.MongoDB.Service", "ZZH.MongoDB.Service\ZZH.MongoDB.Service.csproj", "{B5DEBAF9-0268-4105-857D-E98DE73A481A}"
EndProject
Project("{9A19103F-16F7-4668-BE54-9A1E7A4F7556}") = "ZZH.RabbitMQ.Service", "ZZH.RabbitMQ.Service\ZZH.RabbitMQ.Service.csproj", "{DFD323DC-B0C9-4B2E-8A1C-F9DE375BF37B}"
EndProject
Project("{2150E333-8FDC-42A3-9474-1A3956D46DE8}") = "Examples", "Examples", "{1645171F-F7AB-4DC5-8D94-2BA075A22083}"
EndProject
Project("{9A19103F-16F7-4668-BE54-9A1E7A4F7556}") = "MQ.Test", "MQ.Test\MQ.Test.csproj", "{86AA213B-8643-4A02-BB25-E3524E65B59A}"
EndProject
Project("{9A19103F-16F7-4668-BE54-9A1E7A4F7556}") = "MQ.Consumer.Test", "MQ.Consumer.Test\MQ.Consumer.Test.csproj", "{FAFA0AE0-7945-4D85-A725-2859FF0E63E5}"
EndProject
Project("{9A19103F-16F7-4668-BE54-9A1E7A4F7556}") = "ExampleModel", "ExampleModel\ExampleModel.csproj", "{FF003040-B36B-4442-A427-2CC5AFA973B8}"
EndProject
Project("{9A19103F-16F7-4668-BE54-9A1E7A4F7556}") = "ZZH.MongoDB.Service.Test", "ZZH.MongoDB.Service.Test\ZZH.MongoDB.Service.Test.csproj", "{1DC4D956-71BA-440C-AAD2-939DF8588AA2}"
EndProject
Project("{9A19103F-16F7-4668-BE54-9A1E7A4F7556}") = "ZZH.ZipKinClient.Service", "ZZH.ZipKinClient.Service\ZZH.ZipKinClient.Service.csproj", "{C50DD533-DF40-4DF7-AF94-61191E965094}"
EndProject
Project("{2150E333-8FDC-42A3-9474-1A3956D46DE8}") = "ZZH.ZipKinClient.Service.Test", "ZZH.ZipKinClient.Service.Test", "{E3E38280-2DB4-4389-BA8F-D8F0F0432DDE}"
EndProject
Project("{9A19103F-16F7-4668-BE54-9A1E7A4F7556}") = "ZZH.ZipKinClient.Service.Test.One", "ZZH.ZipKinClient.Service.Test.One\ZZH.ZipKinClient.Service.Test.One.csproj", "{CFB81CA2-75C4-4F7A-8F5A-189B15C7135E}"
EndProject
Project("{9A19103F-16F7-4668-BE54-9A1E7A4F7556}") = "ZZH.ZipKinClient.Service.Test.Two", "ZZH.ZipKinClient.Service.Test.Two\ZZH.ZipKinClient.Service.Test.Two.csproj", "{72CD257F-F771-4D2E-AAE5-4CD3B9567E2D}"
EndProject
Project("{9A19103F-16F7-4668-BE54-9A1E7A4F7556}") = "ZZH.HttpTools.Service", "ZZH.HttpTools.Service\ZZH.HttpTools.Service.csproj", "{6E5361F2-F825-4590-8FE2-58BD886A132E}"
EndProject
Project("{FAE04EC0-301F-11D3-BF4B-00C04F79EFBC}") = "ZZH.ZipKinClient.Service.Test.Three", "ZZH.ZipKinClient.Service.Test.Three\ZZH.ZipKinClient.Service.Test.Three.csproj", "{0AC499CE-3626-4A9E-BA82-3ED5A919787D}"
EndProject
Global
	GlobalSection(SolutionConfigurationPlatforms) = preSolution
		Debug|Any CPU = Debug|Any CPU
		Release|Any CPU = Release|Any CPU
	EndGlobalSection
	GlobalSection(ProjectConfigurationPlatforms) = postSolution
		{B5DEBAF9-0268-4105-857D-E98DE73A481A}.Debug|Any CPU.ActiveCfg = Debug|Any CPU
		{B5DEBAF9-0268-4105-857D-E98DE73A481A}.Debug|Any CPU.Build.0 = Debug|Any CPU
		{B5DEBAF9-0268-4105-857D-E98DE73A481A}.Release|Any CPU.ActiveCfg = Release|Any CPU
		{B5DEBAF9-0268-4105-857D-E98DE73A481A}.Release|Any CPU.Build.0 = Release|Any CPU
		{DFD323DC-B0C9-4B2E-8A1C-F9DE375BF37B}.Debug|Any CPU.ActiveCfg = Debug|Any CPU
		{DFD323DC-B0C9-4B2E-8A1C-F9DE375BF37B}.Debug|Any CPU.Build.0 = Debug|Any CPU
		{DFD323DC-B0C9-4B2E-8A1C-F9DE375BF37B}.Release|Any CPU.ActiveCfg = Release|Any CPU
		{DFD323DC-B0C9-4B2E-8A1C-F9DE375BF37B}.Release|Any CPU.Build.0 = Release|Any CPU
		{86AA213B-8643-4A02-BB25-E3524E65B59A}.Debug|Any CPU.ActiveCfg = Debug|Any CPU
		{86AA213B-8643-4A02-BB25-E3524E65B59A}.Debug|Any CPU.Build.0 = Debug|Any CPU
		{86AA213B-8643-4A02-BB25-E3524E65B59A}.Release|Any CPU.ActiveCfg = Release|Any CPU
		{86AA213B-8643-4A02-BB25-E3524E65B59A}.Release|Any CPU.Build.0 = Release|Any CPU
		{FAFA0AE0-7945-4D85-A725-2859FF0E63E5}.Debug|Any CPU.ActiveCfg = Debug|Any CPU
		{FAFA0AE0-7945-4D85-A725-2859FF0E63E5}.Debug|Any CPU.Build.0 = Debug|Any CPU
		{FAFA0AE0-7945-4D85-A725-2859FF0E63E5}.Release|Any CPU.ActiveCfg = Release|Any CPU
		{FAFA0AE0-7945-4D85-A725-2859FF0E63E5}.Release|Any CPU.Build.0 = Release|Any CPU
		{FF003040-B36B-4442-A427-2CC5AFA973B8}.Debug|Any CPU.ActiveCfg = Debug|Any CPU
		{FF003040-B36B-4442-A427-2CC5AFA973B8}.Debug|Any CPU.Build.0 = Debug|Any CPU
		{FF003040-B36B-4442-A427-2CC5AFA973B8}.Release|Any CPU.ActiveCfg = Release|Any CPU
		{FF003040-B36B-4442-A427-2CC5AFA973B8}.Release|Any CPU.Build.0 = Release|Any CPU
		{1DC4D956-71BA-440C-AAD2-939DF8588AA2}.Debug|Any CPU.ActiveCfg = Debug|Any CPU
		{1DC4D956-71BA-440C-AAD2-939DF8588AA2}.Debug|Any CPU.Build.0 = Debug|Any CPU
		{1DC4D956-71BA-440C-AAD2-939DF8588AA2}.Release|Any CPU.ActiveCfg = Release|Any CPU
		{1DC4D956-71BA-440C-AAD2-939DF8588AA2}.Release|Any CPU.Build.0 = Release|Any CPU
		{C50DD533-DF40-4DF7-AF94-61191E965094}.Debug|Any CPU.ActiveCfg = Debug|Any CPU
		{C50DD533-DF40-4DF7-AF94-61191E965094}.Debug|Any CPU.Build.0 = Debug|Any CPU
		{C50DD533-DF40-4DF7-AF94-61191E965094}.Release|Any CPU.ActiveCfg = Release|Any CPU
		{C50DD533-DF40-4DF7-AF94-61191E965094}.Release|Any CPU.Build.0 = Release|Any CPU
		{CFB81CA2-75C4-4F7A-8F5A-189B15C7135E}.Debug|Any CPU.ActiveCfg = Debug|Any CPU
		{CFB81CA2-75C4-4F7A-8F5A-189B15C7135E}.Debug|Any CPU.Build.0 = Debug|Any CPU
		{CFB81CA2-75C4-4F7A-8F5A-189B15C7135E}.Release|Any CPU.ActiveCfg = Release|Any CPU
		{CFB81CA2-75C4-4F7A-8F5A-189B15C7135E}.Release|Any CPU.Build.0 = Release|Any CPU
		{72CD257F-F771-4D2E-AAE5-4CD3B9567E2D}.Debug|Any CPU.ActiveCfg = Debug|Any CPU
		{72CD257F-F771-4D2E-AAE5-4CD3B9567E2D}.Debug|Any CPU.Build.0 = Debug|Any CPU
		{72CD257F-F771-4D2E-AAE5-4CD3B9567E2D}.Release|Any CPU.ActiveCfg = Release|Any CPU
		{72CD257F-F771-4D2E-AAE5-4CD3B9567E2D}.Release|Any CPU.Build.0 = Release|Any CPU
		{6E5361F2-F825-4590-8FE2-58BD886A132E}.Debug|Any CPU.ActiveCfg = Debug|Any CPU
		{6E5361F2-F825-4590-8FE2-58BD886A132E}.Debug|Any CPU.Build.0 = Debug|Any CPU
		{6E5361F2-F825-4590-8FE2-58BD886A132E}.Release|Any CPU.ActiveCfg = Release|Any CPU
		{6E5361F2-F825-4590-8FE2-58BD886A132E}.Release|Any CPU.Build.0 = Release|Any CPU
		{0AC499CE-3626-4A9E-BA82-3ED5A919787D}.Debug|Any CPU.ActiveCfg = Debug|Any CPU
		{0AC499CE-3626-4A9E-BA82-3ED5A919787D}.Debug|Any CPU.Build.0 = Debug|Any CPU
		{0AC499CE-3626-4A9E-BA82-3ED5A919787D}.Release|Any CPU.ActiveCfg = Release|Any CPU
		{0AC499CE-3626-4A9E-BA82-3ED5A919787D}.Release|Any CPU.Build.0 = Release|Any CPU
	EndGlobalSection
	GlobalSection(SolutionProperties) = preSolution
		HideSolutionNode = FALSE
	EndGlobalSection
	GlobalSection(NestedProjects) = preSolution
		{86AA213B-8643-4A02-BB25-E3524E65B59A} = {1645171F-F7AB-4DC5-8D94-2BA075A22083}
		{FAFA0AE0-7945-4D85-A725-2859FF0E63E5} = {1645171F-F7AB-4DC5-8D94-2BA075A22083}
		{FF003040-B36B-4442-A427-2CC5AFA973B8} = {1645171F-F7AB-4DC5-8D94-2BA075A22083}
		{1DC4D956-71BA-440C-AAD2-939DF8588AA2} = {1645171F-F7AB-4DC5-8D94-2BA075A22083}
		{E3E38280-2DB4-4389-BA8F-D8F0F0432DDE} = {1645171F-F7AB-4DC5-8D94-2BA075A22083}
		{CFB81CA2-75C4-4F7A-8F5A-189B15C7135E} = {E3E38280-2DB4-4389-BA8F-D8F0F0432DDE}
		{72CD257F-F771-4D2E-AAE5-4CD3B9567E2D} = {E3E38280-2DB4-4389-BA8F-D8F0F0432DDE}
		{0AC499CE-3626-4A9E-BA82-3ED5A919787D} = {E3E38280-2DB4-4389-BA8F-D8F0F0432DDE}
	EndGlobalSection
	GlobalSection(ExtensibilityGlobals) = postSolution
		SolutionGuid = {BD581FF0-5A50-4AEE-8BEE-A802C6503939}
	EndGlobalSection
EndGlobal
