
Microsoft Visual Studio Solution File, Format Version 12.00
# Visual Studio Version 16
VisualStudioVersion = 16.0.29215.179
MinimumVisualStudioVersion = 10.0.40219.1
Project("{9A19103F-16F7-4668-BE54-9A1E7A4F7556}") = "ZZH.MongoDB.Service", "ZZH.MongoDB.Service\ZZH.MongoDB.Service.csproj", "{B5DEBAF9-0268-4105-857D-E98DE73A481A}"
EndProject
Project("{9A19103F-16F7-4668-BE54-9A1E7A4F7556}") = "ZZH.RabbitMQ.Service", "ZZH.RabbitMQ.Service\ZZH.RabbitMQ.Service.csproj", "{DFD323DC-B0C9-4B2E-8A1C-F9DE375BF37B}"
EndProject
Project("{2150E333-8FDC-42A3-9474-1A3956D46DE8}") = "Samples", "Samples", "{1645171F-F7AB-4DC5-8D94-2BA075A22083}"
EndProject
Project("{9A19103F-16F7-4668-BE54-9A1E7A4F7556}") = "ZZH.ZipKinClient.Service", "ZZH.ZipKinClient.Service\ZZH.ZipKinClient.Service.csproj", "{C50DD533-DF40-4DF7-AF94-61191E965094}"
EndProject
Project("{2150E333-8FDC-42A3-9474-1A3956D46DE8}") = "ZZH.ZipKinClient.Service.Test", "ZZH.ZipKinClient.Service.Test", "{E3E38280-2DB4-4389-BA8F-D8F0F0432DDE}"
EndProject
Project("{9A19103F-16F7-4668-BE54-9A1E7A4F7556}") = "ZZH.HttpTools.Service", "ZZH.HttpTools.Service\ZZH.HttpTools.Service.csproj", "{6E5361F2-F825-4590-8FE2-58BD886A132E}"
EndProject
Project("{FAE04EC0-301F-11D3-BF4B-00C04F79EFBC}") = "ZZH.RabbitMQ.FrameworkService", "ZZH.RabbitMQ.FrameworkService\ZZH.RabbitMQ.FrameworkService.csproj", "{BE267FAA-9571-4219-82E8-269A0651133C}"
EndProject
Project("{9A19103F-16F7-4668-BE54-9A1E7A4F7556}") = "ZZH.RabbitMQ.V.Service", "ZZH.RabbitMQ.V.Service\ZZH.RabbitMQ.V.Service.csproj", "{F2D16A43-D603-43C1-809B-68047F943279}"
EndProject
Project("{9A19103F-16F7-4668-BE54-9A1E7A4F7556}") = "ZZH.Metrics.ServiceCollection.Extensions", "ZZH.Metrics.ServiceCollection.Extensions\ZZH.Metrics.ServiceCollection.Extensions.csproj", "{0F5D6DFE-CA64-4A6D-A1F8-BBDE37F7DAC1}"
EndProject
Project("{9A19103F-16F7-4668-BE54-9A1E7A4F7556}") = "ZZH.MailKit.Service", "ZZH.MailKit.Service\ZZH.MailKit.Service.csproj", "{610A750F-6C9D-4142-9E96-935D81402F9F}"
EndProject
Project("{9A19103F-16F7-4668-BE54-9A1E7A4F7556}") = "ZZH.Dapper.Service", "ZZH.Dapper.Service\ZZH.Dapper.Service.csproj", "{50CF4566-5A4D-416F-B843-EF088EB0626E}"
EndProject
Project("{9A19103F-16F7-4668-BE54-9A1E7A4F7556}") = "ExampleModel", "Samples\ExampleModel\ExampleModel.csproj", "{E70750FA-B85E-4D20-B47D-BEA8A8D36A83}"
EndProject
Project("{9A19103F-16F7-4668-BE54-9A1E7A4F7556}") = "MQ.Consumer.Test", "Samples\MQ.Consumer.Test\MQ.Consumer.Test.csproj", "{733C7FC3-76DD-4EF1-9CB9-C3833729DBAF}"
EndProject
Project("{9A19103F-16F7-4668-BE54-9A1E7A4F7556}") = "MQ.Test", "Samples\MQ.Test\MQ.Test.csproj", "{4D0544F1-5BB8-42C6-9760-DB44879A4CC7}"
EndProject
Project("{9A19103F-16F7-4668-BE54-9A1E7A4F7556}") = "ZZH.Dapper.Service.Test", "Samples\ZZH.Dapper.Service.Test\ZZH.Dapper.Service.Test.csproj", "{74D3EE20-1A8D-4E2B-9039-F2A4E547A111}"
EndProject
Project("{9A19103F-16F7-4668-BE54-9A1E7A4F7556}") = "ZZH.Metrics.Service.Test", "Samples\ZZH.Metrics.Service.Test\ZZH.Metrics.Service.Test.csproj", "{997EC591-AF55-4BD1-8C0C-4FF98B6FA668}"
EndProject
Project("{9A19103F-16F7-4668-BE54-9A1E7A4F7556}") = "ZZH.MongoDB.Service.Test", "Samples\ZZH.MongoDB.Service.Test\ZZH.MongoDB.Service.Test.csproj", "{92ACC033-9781-4560-82BA-87B006B7BD56}"
EndProject
Project("{9A19103F-16F7-4668-BE54-9A1E7A4F7556}") = "ZZH.ZipKinClient.Service.Test.One", "Samples\ZZH.ZipKinClient.Service.Test.One\ZZH.ZipKinClient.Service.Test.One.csproj", "{7E4F34A2-6F97-43C3-AAC5-92D0F2094780}"
EndProject
Project("{9A19103F-16F7-4668-BE54-9A1E7A4F7556}") = "ZZH.ZipKinClient.Service.Test.Three", "Samples\ZZH.ZipKinClient.Service.Test.Three\ZZH.ZipKinClient.Service.Test.Three.csproj", "{33E2942B-54E6-4819-88F5-0424A469B0BF}"
EndProject
Project("{9A19103F-16F7-4668-BE54-9A1E7A4F7556}") = "ZZH.ZipKinClient.Service.Test.Two", "Samples\ZZH.ZipKinClient.Service.Test.Two\ZZH.ZipKinClient.Service.Test.Two.csproj", "{1A86A538-666C-43B0-B71C-5D45399DDA50}"
EndProject
Project("{9A19103F-16F7-4668-BE54-9A1E7A4F7556}") = "ZZH.AutoMapper.Service", "ZZH.AutoMapper.Service\ZZH.AutoMapper.Service.csproj", "{50500066-004B-48D1-9482-70FD4DD34BA1}"
EndProject
Project("{9A19103F-16F7-4668-BE54-9A1E7A4F7556}") = "ZZH.AutoMapper.Service.Test", "Samples\ZZH.AutoMapper.Service.Test\ZZH.AutoMapper.Service.Test.csproj", "{5D2DF4CA-7685-48A9-B11F-A9A315FE72A5}"
EndProject
Project("{9A19103F-16F7-4668-BE54-9A1E7A4F7556}") = "ZZH.DapperExpression.Service", "ZZH.DapperExpression.Service\ZZH.DapperExpression.Service.csproj", "{7B20E080-09C3-4DA7-A729-F7E097061F56}"
EndProject
Project("{9A19103F-16F7-4668-BE54-9A1E7A4F7556}") = "ZZH.DapperExpression.Service.Test", "Samples\ZZH.DapperExpression.Service.Test\ZZH.DapperExpression.Service.Test.csproj", "{2F0A7FE5-6F13-41DC-B12E-7239A2CF5DAE}"
EndProject
Project("{9A19103F-16F7-4668-BE54-9A1E7A4F7556}") = "ZZH.MongoDB.StandardService", "ZZH.MongoDB.StandardService\ZZH.MongoDB.StandardService.csproj", "{6C357F42-0B77-45D3-A50E-CCC61673B391}"
EndProject
Project("{9A19103F-16F7-4668-BE54-9A1E7A4F7556}") = "ZZH.Configuration.Yaml", "ZZH.Configuration.Yaml\ZZH.Configuration.Yaml.csproj", "{E0DA9BE6-4C25-4691-9358-B7B1D3BAE87A}"
EndProject
Project("{9A19103F-16F7-4668-BE54-9A1E7A4F7556}") = "ZZH.Configuration.Yaml.Test", "Samples\ZZH.Configuration.Yaml.Test\ZZH.Configuration.Yaml.Test.csproj", "{3B8885F4-5C46-4848-B583-F6359904AFDA}"
EndProject
Project("{9A19103F-16F7-4668-BE54-9A1E7A4F7556}") = "ZZH.NLog.Kafka", "ZZH.NLog.Kafka\ZZH.NLog.Kafka.csproj", "{FD2F1C4F-5083-403E-A16B-5225B984D7CD}"
EndProject
Project("{9A19103F-16F7-4668-BE54-9A1E7A4F7556}") = "ZZH.Bumblebee.GateWay", "Samples\ZZH.Bumblebee.GateWay\ZZH.Bumblebee.GateWay.csproj", "{6012FD6B-1892-41E0-8F3D-1FEC3C3255F2}"
EndProject
Project("{9A19103F-16F7-4668-BE54-9A1E7A4F7556}") = "ZZH.Kafka.Service", "ZZH.Kafka.Service\ZZH.Kafka.Service.csproj", "{91A53E84-2051-410E-9E43-501F665A09CD}"
EndProject
Project("{9A19103F-16F7-4668-BE54-9A1E7A4F7556}") = "ZZH.Kafka.Service.Test", "Samples\ZZH.Kafka.Service.Test\ZZH.Kafka.Service.Test.csproj", "{55A56BA5-941D-47D7-BA9D-9895B6F92F53}"
EndProject
Project("{2150E333-8FDC-42A3-9474-1A3956D46DE8}") = "ExperimentalPark", "ExperimentalPark", "{C08BEA4E-7CDA-4CD3-9C69-FF9D9D615CA8}"
EndProject
Project("{2150E333-8FDC-42A3-9474-1A3956D46DE8}") = "DiagnosticDemo", "DiagnosticDemo", "{8AE23F7B-7ECF-4CEF-A43B-7365D8981F95}"
EndProject
Project("{9A19103F-16F7-4668-BE54-9A1E7A4F7556}") = "ConsoleApp1", "Samples\ExperimentalPark\DiagnosticDemo\ConsoleApp1\ConsoleApp1.csproj", "{9ADF97D4-D689-42A5-90DF-F0D1D79DC03E}"
EndProject
Project("{9A19103F-16F7-4668-BE54-9A1E7A4F7556}") = "WebAPI", "Samples\ExperimentalPark\DiagnosticDemo\WebAPI\WebAPI.csproj", "{B8B0CE12-2684-4E08-892C-092FCA976B2F}"
EndProject
Project("{2150E333-8FDC-42A3-9474-1A3956D46DE8}") = "MongoDbGFSDemo", "MongoDbGFSDemo", "{646FBC5C-70C7-4ADB-B6D6-674E35D51CBB}"
EndProject
Project("{FAE04EC0-301F-11D3-BF4B-00C04F79EFBC}") = "myMongoToolTest", "Samples\ExperimentalPark\MongoDbGFSDemo\myMongoToolTest\myMongoToolTest.csproj", "{D545E7E9-C091-4A1A-8ABE-86AD51C6C604}"
EndProject
Project("{2150E333-8FDC-42A3-9474-1A3956D46DE8}") = "MediatRDemo", "MediatRDemo", "{F266FDF8-A2CE-4D7C-9C8E-4D453763AA02}"
EndProject
Project("{FAE04EC0-301F-11D3-BF4B-00C04F79EFBC}") = "MediatRDemos", "Samples\ExperimentalPark\MediatRDemos\MediatRDemos.csproj", "{4154762A-AD24-4EAD-99EC-3BFEA2654279}"
EndProject
Global
	GlobalSection(SolutionConfigurationPlatforms) = preSolution
		Debug|Any CPU = Debug|Any CPU
		Release|Any CPU = Release|Any CPU
	EndGlobalSection
	GlobalSection(ProjectConfigurationPlatforms) = postSolution
		{B5DEBAF9-0268-4105-857D-E98DE73A481A}.Debug|Any CPU.ActiveCfg = Debug|Any CPU
		{B5DEBAF9-0268-4105-857D-E98DE73A481A}.Debug|Any CPU.Build.0 = Debug|Any CPU
		{B5DEBAF9-0268-4105-857D-E98DE73A481A}.Release|Any CPU.ActiveCfg = Release|Any CPU
		{B5DEBAF9-0268-4105-857D-E98DE73A481A}.Release|Any CPU.Build.0 = Release|Any CPU
		{DFD323DC-B0C9-4B2E-8A1C-F9DE375BF37B}.Debug|Any CPU.ActiveCfg = Debug|Any CPU
		{DFD323DC-B0C9-4B2E-8A1C-F9DE375BF37B}.Debug|Any CPU.Build.0 = Debug|Any CPU
		{DFD323DC-B0C9-4B2E-8A1C-F9DE375BF37B}.Release|Any CPU.ActiveCfg = Release|Any CPU
		{DFD323DC-B0C9-4B2E-8A1C-F9DE375BF37B}.Release|Any CPU.Build.0 = Release|Any CPU
		{C50DD533-DF40-4DF7-AF94-61191E965094}.Debug|Any CPU.ActiveCfg = Debug|Any CPU
		{C50DD533-DF40-4DF7-AF94-61191E965094}.Debug|Any CPU.Build.0 = Debug|Any CPU
		{C50DD533-DF40-4DF7-AF94-61191E965094}.Release|Any CPU.ActiveCfg = Release|Any CPU
		{C50DD533-DF40-4DF7-AF94-61191E965094}.Release|Any CPU.Build.0 = Release|Any CPU
		{6E5361F2-F825-4590-8FE2-58BD886A132E}.Debug|Any CPU.ActiveCfg = Debug|Any CPU
		{6E5361F2-F825-4590-8FE2-58BD886A132E}.Debug|Any CPU.Build.0 = Debug|Any CPU
		{6E5361F2-F825-4590-8FE2-58BD886A132E}.Release|Any CPU.ActiveCfg = Release|Any CPU
		{6E5361F2-F825-4590-8FE2-58BD886A132E}.Release|Any CPU.Build.0 = Release|Any CPU
		{BE267FAA-9571-4219-82E8-269A0651133C}.Debug|Any CPU.ActiveCfg = Debug|Any CPU
		{BE267FAA-9571-4219-82E8-269A0651133C}.Debug|Any CPU.Build.0 = Debug|Any CPU
		{BE267FAA-9571-4219-82E8-269A0651133C}.Release|Any CPU.ActiveCfg = Release|Any CPU
		{BE267FAA-9571-4219-82E8-269A0651133C}.Release|Any CPU.Build.0 = Release|Any CPU
		{F2D16A43-D603-43C1-809B-68047F943279}.Debug|Any CPU.ActiveCfg = Debug|Any CPU
		{F2D16A43-D603-43C1-809B-68047F943279}.Debug|Any CPU.Build.0 = Debug|Any CPU
		{F2D16A43-D603-43C1-809B-68047F943279}.Release|Any CPU.ActiveCfg = Release|Any CPU
		{F2D16A43-D603-43C1-809B-68047F943279}.Release|Any CPU.Build.0 = Release|Any CPU
		{0F5D6DFE-CA64-4A6D-A1F8-BBDE37F7DAC1}.Debug|Any CPU.ActiveCfg = Debug|Any CPU
		{0F5D6DFE-CA64-4A6D-A1F8-BBDE37F7DAC1}.Debug|Any CPU.Build.0 = Debug|Any CPU
		{0F5D6DFE-CA64-4A6D-A1F8-BBDE37F7DAC1}.Release|Any CPU.ActiveCfg = Release|Any CPU
		{0F5D6DFE-CA64-4A6D-A1F8-BBDE37F7DAC1}.Release|Any CPU.Build.0 = Release|Any CPU
		{610A750F-6C9D-4142-9E96-935D81402F9F}.Debug|Any CPU.ActiveCfg = Debug|Any CPU
		{610A750F-6C9D-4142-9E96-935D81402F9F}.Debug|Any CPU.Build.0 = Debug|Any CPU
		{610A750F-6C9D-4142-9E96-935D81402F9F}.Release|Any CPU.ActiveCfg = Release|Any CPU
		{610A750F-6C9D-4142-9E96-935D81402F9F}.Release|Any CPU.Build.0 = Release|Any CPU
		{50CF4566-5A4D-416F-B843-EF088EB0626E}.Debug|Any CPU.ActiveCfg = Debug|Any CPU
		{50CF4566-5A4D-416F-B843-EF088EB0626E}.Debug|Any CPU.Build.0 = Debug|Any CPU
		{50CF4566-5A4D-416F-B843-EF088EB0626E}.Release|Any CPU.ActiveCfg = Release|Any CPU
		{50CF4566-5A4D-416F-B843-EF088EB0626E}.Release|Any CPU.Build.0 = Release|Any CPU
		{E70750FA-B85E-4D20-B47D-BEA8A8D36A83}.Debug|Any CPU.ActiveCfg = Debug|Any CPU
		{E70750FA-B85E-4D20-B47D-BEA8A8D36A83}.Debug|Any CPU.Build.0 = Debug|Any CPU
		{E70750FA-B85E-4D20-B47D-BEA8A8D36A83}.Release|Any CPU.ActiveCfg = Release|Any CPU
		{E70750FA-B85E-4D20-B47D-BEA8A8D36A83}.Release|Any CPU.Build.0 = Release|Any CPU
		{733C7FC3-76DD-4EF1-9CB9-C3833729DBAF}.Debug|Any CPU.ActiveCfg = Debug|Any CPU
		{733C7FC3-76DD-4EF1-9CB9-C3833729DBAF}.Debug|Any CPU.Build.0 = Debug|Any CPU
		{733C7FC3-76DD-4EF1-9CB9-C3833729DBAF}.Release|Any CPU.ActiveCfg = Release|Any CPU
		{733C7FC3-76DD-4EF1-9CB9-C3833729DBAF}.Release|Any CPU.Build.0 = Release|Any CPU
		{4D0544F1-5BB8-42C6-9760-DB44879A4CC7}.Debug|Any CPU.ActiveCfg = Debug|Any CPU
		{4D0544F1-5BB8-42C6-9760-DB44879A4CC7}.Debug|Any CPU.Build.0 = Debug|Any CPU
		{4D0544F1-5BB8-42C6-9760-DB44879A4CC7}.Release|Any CPU.ActiveCfg = Release|Any CPU
		{4D0544F1-5BB8-42C6-9760-DB44879A4CC7}.Release|Any CPU.Build.0 = Release|Any CPU
		{74D3EE20-1A8D-4E2B-9039-F2A4E547A111}.Debug|Any CPU.ActiveCfg = Debug|Any CPU
		{74D3EE20-1A8D-4E2B-9039-F2A4E547A111}.Debug|Any CPU.Build.0 = Debug|Any CPU
		{74D3EE20-1A8D-4E2B-9039-F2A4E547A111}.Release|Any CPU.ActiveCfg = Release|Any CPU
		{74D3EE20-1A8D-4E2B-9039-F2A4E547A111}.Release|Any CPU.Build.0 = Release|Any CPU
		{997EC591-AF55-4BD1-8C0C-4FF98B6FA668}.Debug|Any CPU.ActiveCfg = Debug|Any CPU
		{997EC591-AF55-4BD1-8C0C-4FF98B6FA668}.Debug|Any CPU.Build.0 = Debug|Any CPU
		{997EC591-AF55-4BD1-8C0C-4FF98B6FA668}.Release|Any CPU.ActiveCfg = Release|Any CPU
		{997EC591-AF55-4BD1-8C0C-4FF98B6FA668}.Release|Any CPU.Build.0 = Release|Any CPU
		{92ACC033-9781-4560-82BA-87B006B7BD56}.Debug|Any CPU.ActiveCfg = Debug|Any CPU
		{92ACC033-9781-4560-82BA-87B006B7BD56}.Debug|Any CPU.Build.0 = Debug|Any CPU
		{92ACC033-9781-4560-82BA-87B006B7BD56}.Release|Any CPU.ActiveCfg = Release|Any CPU
		{92ACC033-9781-4560-82BA-87B006B7BD56}.Release|Any CPU.Build.0 = Release|Any CPU
		{7E4F34A2-6F97-43C3-AAC5-92D0F2094780}.Debug|Any CPU.ActiveCfg = Debug|Any CPU
		{7E4F34A2-6F97-43C3-AAC5-92D0F2094780}.Debug|Any CPU.Build.0 = Debug|Any CPU
		{7E4F34A2-6F97-43C3-AAC5-92D0F2094780}.Release|Any CPU.ActiveCfg = Release|Any CPU
		{7E4F34A2-6F97-43C3-AAC5-92D0F2094780}.Release|Any CPU.Build.0 = Release|Any CPU
		{33E2942B-54E6-4819-88F5-0424A469B0BF}.Debug|Any CPU.ActiveCfg = Debug|Any CPU
		{33E2942B-54E6-4819-88F5-0424A469B0BF}.Debug|Any CPU.Build.0 = Debug|Any CPU
		{33E2942B-54E6-4819-88F5-0424A469B0BF}.Release|Any CPU.ActiveCfg = Release|Any CPU
		{33E2942B-54E6-4819-88F5-0424A469B0BF}.Release|Any CPU.Build.0 = Release|Any CPU
		{1A86A538-666C-43B0-B71C-5D45399DDA50}.Debug|Any CPU.ActiveCfg = Debug|Any CPU
		{1A86A538-666C-43B0-B71C-5D45399DDA50}.Debug|Any CPU.Build.0 = Debug|Any CPU
		{1A86A538-666C-43B0-B71C-5D45399DDA50}.Release|Any CPU.ActiveCfg = Release|Any CPU
		{1A86A538-666C-43B0-B71C-5D45399DDA50}.Release|Any CPU.Build.0 = Release|Any CPU
		{50500066-004B-48D1-9482-70FD4DD34BA1}.Debug|Any CPU.ActiveCfg = Debug|Any CPU
		{50500066-004B-48D1-9482-70FD4DD34BA1}.Debug|Any CPU.Build.0 = Debug|Any CPU
		{50500066-004B-48D1-9482-70FD4DD34BA1}.Release|Any CPU.ActiveCfg = Release|Any CPU
		{50500066-004B-48D1-9482-70FD4DD34BA1}.Release|Any CPU.Build.0 = Release|Any CPU
		{5D2DF4CA-7685-48A9-B11F-A9A315FE72A5}.Debug|Any CPU.ActiveCfg = Debug|Any CPU
		{5D2DF4CA-7685-48A9-B11F-A9A315FE72A5}.Debug|Any CPU.Build.0 = Debug|Any CPU
		{5D2DF4CA-7685-48A9-B11F-A9A315FE72A5}.Release|Any CPU.ActiveCfg = Release|Any CPU
		{5D2DF4CA-7685-48A9-B11F-A9A315FE72A5}.Release|Any CPU.Build.0 = Release|Any CPU
		{7B20E080-09C3-4DA7-A729-F7E097061F56}.Debug|Any CPU.ActiveCfg = Debug|Any CPU
		{7B20E080-09C3-4DA7-A729-F7E097061F56}.Debug|Any CPU.Build.0 = Debug|Any CPU
		{7B20E080-09C3-4DA7-A729-F7E097061F56}.Release|Any CPU.ActiveCfg = Release|Any CPU
		{7B20E080-09C3-4DA7-A729-F7E097061F56}.Release|Any CPU.Build.0 = Release|Any CPU
		{2F0A7FE5-6F13-41DC-B12E-7239A2CF5DAE}.Debug|Any CPU.ActiveCfg = Debug|Any CPU
		{2F0A7FE5-6F13-41DC-B12E-7239A2CF5DAE}.Debug|Any CPU.Build.0 = Debug|Any CPU
		{2F0A7FE5-6F13-41DC-B12E-7239A2CF5DAE}.Release|Any CPU.ActiveCfg = Release|Any CPU
		{2F0A7FE5-6F13-41DC-B12E-7239A2CF5DAE}.Release|Any CPU.Build.0 = Release|Any CPU
		{6C357F42-0B77-45D3-A50E-CCC61673B391}.Debug|Any CPU.ActiveCfg = Debug|Any CPU
		{6C357F42-0B77-45D3-A50E-CCC61673B391}.Debug|Any CPU.Build.0 = Debug|Any CPU
		{6C357F42-0B77-45D3-A50E-CCC61673B391}.Release|Any CPU.ActiveCfg = Release|Any CPU
		{6C357F42-0B77-45D3-A50E-CCC61673B391}.Release|Any CPU.Build.0 = Release|Any CPU
		{E0DA9BE6-4C25-4691-9358-B7B1D3BAE87A}.Debug|Any CPU.ActiveCfg = Debug|Any CPU
		{E0DA9BE6-4C25-4691-9358-B7B1D3BAE87A}.Debug|Any CPU.Build.0 = Debug|Any CPU
		{E0DA9BE6-4C25-4691-9358-B7B1D3BAE87A}.Release|Any CPU.ActiveCfg = Release|Any CPU
		{E0DA9BE6-4C25-4691-9358-B7B1D3BAE87A}.Release|Any CPU.Build.0 = Release|Any CPU
		{3B8885F4-5C46-4848-B583-F6359904AFDA}.Debug|Any CPU.ActiveCfg = Debug|Any CPU
		{3B8885F4-5C46-4848-B583-F6359904AFDA}.Debug|Any CPU.Build.0 = Debug|Any CPU
		{3B8885F4-5C46-4848-B583-F6359904AFDA}.Release|Any CPU.ActiveCfg = Release|Any CPU
		{3B8885F4-5C46-4848-B583-F6359904AFDA}.Release|Any CPU.Build.0 = Release|Any CPU
		{FD2F1C4F-5083-403E-A16B-5225B984D7CD}.Debug|Any CPU.ActiveCfg = Debug|Any CPU
		{FD2F1C4F-5083-403E-A16B-5225B984D7CD}.Debug|Any CPU.Build.0 = Debug|Any CPU
		{FD2F1C4F-5083-403E-A16B-5225B984D7CD}.Release|Any CPU.ActiveCfg = Release|Any CPU
		{FD2F1C4F-5083-403E-A16B-5225B984D7CD}.Release|Any CPU.Build.0 = Release|Any CPU
		{6012FD6B-1892-41E0-8F3D-1FEC3C3255F2}.Debug|Any CPU.ActiveCfg = Debug|Any CPU
		{6012FD6B-1892-41E0-8F3D-1FEC3C3255F2}.Debug|Any CPU.Build.0 = Debug|Any CPU
		{6012FD6B-1892-41E0-8F3D-1FEC3C3255F2}.Release|Any CPU.ActiveCfg = Release|Any CPU
		{6012FD6B-1892-41E0-8F3D-1FEC3C3255F2}.Release|Any CPU.Build.0 = Release|Any CPU
		{91A53E84-2051-410E-9E43-501F665A09CD}.Debug|Any CPU.ActiveCfg = Debug|Any CPU
		{91A53E84-2051-410E-9E43-501F665A09CD}.Debug|Any CPU.Build.0 = Debug|Any CPU
		{91A53E84-2051-410E-9E43-501F665A09CD}.Release|Any CPU.ActiveCfg = Release|Any CPU
		{91A53E84-2051-410E-9E43-501F665A09CD}.Release|Any CPU.Build.0 = Release|Any CPU
		{55A56BA5-941D-47D7-BA9D-9895B6F92F53}.Debug|Any CPU.ActiveCfg = Debug|Any CPU
		{55A56BA5-941D-47D7-BA9D-9895B6F92F53}.Debug|Any CPU.Build.0 = Debug|Any CPU
		{55A56BA5-941D-47D7-BA9D-9895B6F92F53}.Release|Any CPU.ActiveCfg = Release|Any CPU
		{55A56BA5-941D-47D7-BA9D-9895B6F92F53}.Release|Any CPU.Build.0 = Release|Any CPU
		{9ADF97D4-D689-42A5-90DF-F0D1D79DC03E}.Debug|Any CPU.ActiveCfg = Debug|Any CPU
		{9ADF97D4-D689-42A5-90DF-F0D1D79DC03E}.Debug|Any CPU.Build.0 = Debug|Any CPU
		{9ADF97D4-D689-42A5-90DF-F0D1D79DC03E}.Release|Any CPU.ActiveCfg = Release|Any CPU
		{9ADF97D4-D689-42A5-90DF-F0D1D79DC03E}.Release|Any CPU.Build.0 = Release|Any CPU
		{B8B0CE12-2684-4E08-892C-092FCA976B2F}.Debug|Any CPU.ActiveCfg = Debug|Any CPU
		{B8B0CE12-2684-4E08-892C-092FCA976B2F}.Debug|Any CPU.Build.0 = Debug|Any CPU
		{B8B0CE12-2684-4E08-892C-092FCA976B2F}.Release|Any CPU.ActiveCfg = Release|Any CPU
		{B8B0CE12-2684-4E08-892C-092FCA976B2F}.Release|Any CPU.Build.0 = Release|Any CPU
		{D545E7E9-C091-4A1A-8ABE-86AD51C6C604}.Debug|Any CPU.ActiveCfg = Debug|Any CPU
		{D545E7E9-C091-4A1A-8ABE-86AD51C6C604}.Debug|Any CPU.Build.0 = Debug|Any CPU
		{D545E7E9-C091-4A1A-8ABE-86AD51C6C604}.Release|Any CPU.ActiveCfg = Release|Any CPU
		{D545E7E9-C091-4A1A-8ABE-86AD51C6C604}.Release|Any CPU.Build.0 = Release|Any CPU
		{4154762A-AD24-4EAD-99EC-3BFEA2654279}.Debug|Any CPU.ActiveCfg = Debug|Any CPU
		{4154762A-AD24-4EAD-99EC-3BFEA2654279}.Debug|Any CPU.Build.0 = Debug|Any CPU
		{4154762A-AD24-4EAD-99EC-3BFEA2654279}.Release|Any CPU.ActiveCfg = Release|Any CPU
		{4154762A-AD24-4EAD-99EC-3BFEA2654279}.Release|Any CPU.Build.0 = Release|Any CPU
	EndGlobalSection
	GlobalSection(SolutionProperties) = preSolution
		HideSolutionNode = FALSE
	EndGlobalSection
	GlobalSection(NestedProjects) = preSolution
		{E3E38280-2DB4-4389-BA8F-D8F0F0432DDE} = {1645171F-F7AB-4DC5-8D94-2BA075A22083}
		{E70750FA-B85E-4D20-B47D-BEA8A8D36A83} = {1645171F-F7AB-4DC5-8D94-2BA075A22083}
		{733C7FC3-76DD-4EF1-9CB9-C3833729DBAF} = {1645171F-F7AB-4DC5-8D94-2BA075A22083}
		{4D0544F1-5BB8-42C6-9760-DB44879A4CC7} = {1645171F-F7AB-4DC5-8D94-2BA075A22083}
		{74D3EE20-1A8D-4E2B-9039-F2A4E547A111} = {1645171F-F7AB-4DC5-8D94-2BA075A22083}
		{997EC591-AF55-4BD1-8C0C-4FF98B6FA668} = {1645171F-F7AB-4DC5-8D94-2BA075A22083}
		{92ACC033-9781-4560-82BA-87B006B7BD56} = {1645171F-F7AB-4DC5-8D94-2BA075A22083}
		{7E4F34A2-6F97-43C3-AAC5-92D0F2094780} = {E3E38280-2DB4-4389-BA8F-D8F0F0432DDE}
		{33E2942B-54E6-4819-88F5-0424A469B0BF} = {E3E38280-2DB4-4389-BA8F-D8F0F0432DDE}
		{1A86A538-666C-43B0-B71C-5D45399DDA50} = {E3E38280-2DB4-4389-BA8F-D8F0F0432DDE}
		{5D2DF4CA-7685-48A9-B11F-A9A315FE72A5} = {1645171F-F7AB-4DC5-8D94-2BA075A22083}
		{2F0A7FE5-6F13-41DC-B12E-7239A2CF5DAE} = {1645171F-F7AB-4DC5-8D94-2BA075A22083}
		{3B8885F4-5C46-4848-B583-F6359904AFDA} = {1645171F-F7AB-4DC5-8D94-2BA075A22083}
		{6012FD6B-1892-41E0-8F3D-1FEC3C3255F2} = {1645171F-F7AB-4DC5-8D94-2BA075A22083}
		{55A56BA5-941D-47D7-BA9D-9895B6F92F53} = {1645171F-F7AB-4DC5-8D94-2BA075A22083}
		{C08BEA4E-7CDA-4CD3-9C69-FF9D9D615CA8} = {1645171F-F7AB-4DC5-8D94-2BA075A22083}
		{8AE23F7B-7ECF-4CEF-A43B-7365D8981F95} = {C08BEA4E-7CDA-4CD3-9C69-FF9D9D615CA8}
		{9ADF97D4-D689-42A5-90DF-F0D1D79DC03E} = {8AE23F7B-7ECF-4CEF-A43B-7365D8981F95}
		{B8B0CE12-2684-4E08-892C-092FCA976B2F} = {8AE23F7B-7ECF-4CEF-A43B-7365D8981F95}
		{646FBC5C-70C7-4ADB-B6D6-674E35D51CBB} = {C08BEA4E-7CDA-4CD3-9C69-FF9D9D615CA8}
		{D545E7E9-C091-4A1A-8ABE-86AD51C6C604} = {646FBC5C-70C7-4ADB-B6D6-674E35D51CBB}
		{F266FDF8-A2CE-4D7C-9C8E-4D453763AA02} = {C08BEA4E-7CDA-4CD3-9C69-FF9D9D615CA8}
		{4154762A-AD24-4EAD-99EC-3BFEA2654279} = {F266FDF8-A2CE-4D7C-9C8E-4D453763AA02}
	EndGlobalSection
	GlobalSection(ExtensibilityGlobals) = postSolution
		SolutionGuid = {BD581FF0-5A50-4AEE-8BEE-A802C6503939}
	EndGlobalSection
EndGlobal
